
Microsoft Visual Studio Solution File, Format Version 12.00
# Visual Studio 2015
Project("{FAE04EC0-301F-11D3-BF4B-00C04F79EFBC}") = "Project PR.CSharp", "Project PR.CSharp.csproj", "{40D4A663-8A9F-CE6A-FD49-30BDBD55CE88}"
EndProject
Project("{FAE04EC0-301F-11D3-BF4B-00C04F79EFBC}") = "Project PR.CSharp.Editor", "Project PR.CSharp.Editor.csproj", "{8E9E091D-E535-5CF1-EE25-8EF765AB23BD}"
EndProject
Global
	GlobalSection(SolutionConfigurationPlatforms) = preSolution
		Debug|Any CPU = Debug|Any CPU
		Release|Any CPU = Release|Any CPU
	EndGlobalSection
	GlobalSection(ProjectConfigurationPlatforms) = postSolution
		{40D4A663-8A9F-CE6A-FD49-30BDBD55CE88}.Debug|Any CPU.ActiveCfg = Debug|Any CPU
		{40D4A663-8A9F-CE6A-FD49-30BDBD55CE88}.Debug|Any CPU.Build.0 = Debug|Any CPU
		{40D4A663-8A9F-CE6A-FD49-30BDBD55CE88}.Release|Any CPU.ActiveCfg = Release|Any CPU
		{40D4A663-8A9F-CE6A-FD49-30BDBD55CE88}.Release|Any CPU.Build.0 = Release|Any CPU
		{8E9E091D-E535-5CF1-EE25-8EF765AB23BD}.Debug|Any CPU.ActiveCfg = Debug|Any CPU
		{8E9E091D-E535-5CF1-EE25-8EF765AB23BD}.Debug|Any CPU.Build.0 = Debug|Any CPU
		{8E9E091D-E535-5CF1-EE25-8EF765AB23BD}.Release|Any CPU.ActiveCfg = Release|Any CPU
		{8E9E091D-E535-5CF1-EE25-8EF765AB23BD}.Release|Any CPU.Build.0 = Release|Any CPU
	EndGlobalSection
	GlobalSection(SolutionProperties) = preSolution
		HideSolutionNode = FALSE
	EndGlobalSection
EndGlobal
